// !$*UTF8*$!
{
	archiveVersion = 1;
	classes = {
	};
	objectVersion = 55;
	objects = {

/* Begin PBXBuildFile section */
		0457904F27B4C2B0007D2E0D /* MultiFormatVideoPlayerApp.swift in Sources */ = {isa = PBXBuildFile; fileRef = 0457904E27B4C2B0007D2E0D /* MultiFormatVideoPlayerApp.swift */; };
		0457905327B4C2B3007D2E0D /* Assets.xcassets in Resources */ = {isa = PBXBuildFile; fileRef = 0457905227B4C2B3007D2E0D /* Assets.xcassets */; };
		0457905627B4C2B3007D2E0D /* Preview Assets.xcassets in Resources */ = {isa = PBXBuildFile; fileRef = 0457905527B4C2B3007D2E0D /* Preview Assets.xcassets */; };
		0457906027B4C2B3007D2E0D /* MultiFormatVideoPlayerTests.swift in Sources */ = {isa = PBXBuildFile; fileRef = 0457905F27B4C2B3007D2E0D /* MultiFormatVideoPlayerTests.swift */; };
		0457906A27B4C2B3007D2E0D /* MultiFormatVideoPlayerUITests.swift in Sources */ = {isa = PBXBuildFile; fileRef = 0457906927B4C2B3007D2E0D /* MultiFormatVideoPlayerUITests.swift */; };
		0457906C27B4C2B3007D2E0D /* MultiFormatVideoPlayerUITestsLaunchTests.swift in Sources */ = {isa = PBXBuildFile; fileRef = 0457906B27B4C2B3007D2E0D /* MultiFormatVideoPlayerUITestsLaunchTests.swift */; };
		0457907D27B4C564007D2E0D /* FileBrowserView.swift in Sources */ = {isa = PBXBuildFile; fileRef = 0457907C27B4C564007D2E0D /* FileBrowserView.swift */; };
		0457907F27B4C578007D2E0D /* FileBrowserViewModel.swift in Sources */ = {isa = PBXBuildFile; fileRef = 0457907E27B4C578007D2E0D /* FileBrowserViewModel.swift */; };
		0457908127B4CC77007D2E0D /* VideoFile.swift in Sources */ = {isa = PBXBuildFile; fileRef = 0457908027B4CC77007D2E0D /* VideoFile.swift */; };
		0457908427B4D725007D2E0D /* VideoPlayerView.swift in Sources */ = {isa = PBXBuildFile; fileRef = 0457908327B4D725007D2E0D /* VideoPlayerView.swift */; };
		0457908627B4DCEB007D2E0D /* VideoPlayable.swift in Sources */ = {isa = PBXBuildFile; fileRef = 0457908527B4DCEB007D2E0D /* VideoPlayable.swift */; };
		0457908A27B4DE68007D2E0D /* AvKitVideoPlayer.swift in Sources */ = {isa = PBXBuildFile; fileRef = 0457908927B4DE68007D2E0D /* AvKitVideoPlayer.swift */; };
		0457908D27B4DF0C007D2E0D /* SnapKit in Frameworks */ = {isa = PBXBuildFile; productRef = 0457908C27B4DF0C007D2E0D /* SnapKit */; };
		0457908F27B4E16B007D2E0D /* VideoPlayerContainer.swift in Sources */ = {isa = PBXBuildFile; fileRef = 0457908E27B4E16B007D2E0D /* VideoPlayerContainer.swift */; };
		0457909127B4E1A8007D2E0D /* VideoPlayerContainerViewController.swift in Sources */ = {isa = PBXBuildFile; fileRef = 0457909027B4E1A8007D2E0D /* VideoPlayerContainerViewController.swift */; };
		0457909627B5554C007D2E0D /* PlayButton.swift in Sources */ = {isa = PBXBuildFile; fileRef = 0457909527B5554C007D2E0D /* PlayButton.swift */; };
		0457909827B5585A007D2E0D /* PauseButton.swift in Sources */ = {isa = PBXBuildFile; fileRef = 0457909727B5585A007D2E0D /* PauseButton.swift */; };
		0457909B27B58308007D2E0D /* TappableArea.swift in Sources */ = {isa = PBXBuildFile; fileRef = 0457909A27B58308007D2E0D /* TappableArea.swift */; };
		0457909D27B585CD007D2E0D /* FixedWidthSpacer.swift in Sources */ = {isa = PBXBuildFile; fileRef = 0457909C27B585CD007D2E0D /* FixedWidthSpacer.swift */; };
		0457909F27B586D9007D2E0D /* ForwardButton.swift in Sources */ = {isa = PBXBuildFile; fileRef = 0457909E27B586D9007D2E0D /* ForwardButton.swift */; };
		045790A127B58710007D2E0D /* BackwardButton.swift in Sources */ = {isa = PBXBuildFile; fileRef = 045790A027B58710007D2E0D /* BackwardButton.swift */; };
		045790A327B5D5BF007D2E0D /* VideoPlayerViewModel.swift in Sources */ = {isa = PBXBuildFile; fileRef = 045790A227B5D5BF007D2E0D /* VideoPlayerViewModel.swift */; };
		045790A527B5FF28007D2E0D /* DummyVideoPlayer.swift in Sources */ = {isa = PBXBuildFile; fileRef = 045790A427B5FF28007D2E0D /* DummyVideoPlayer.swift */; };
		045790A727B60884007D2E0D /* VideoPlayerCallbacks.swift in Sources */ = {isa = PBXBuildFile; fileRef = 045790A627B60884007D2E0D /* VideoPlayerCallbacks.swift */; };
		045790AB27B60BE0007D2E0D /* CMTime+Extensions.swift in Sources */ = {isa = PBXBuildFile; fileRef = 045790AA27B60BE0007D2E0D /* CMTime+Extensions.swift */; };
		045790AF27B768E1007D2E0D /* Double+Extensions.swift in Sources */ = {isa = PBXBuildFile; fileRef = 045790AE27B768E0007D2E0D /* Double+Extensions.swift */; };
		045790B127B771E3007D2E0D /* CustomSlider.swift in Sources */ = {isa = PBXBuildFile; fileRef = 045790B027B771E3007D2E0D /* CustomSlider.swift */; };
		045790B827BDF88B007D2E0D /* ResumePlaybackManager.swift in Sources */ = {isa = PBXBuildFile; fileRef = 045790B727BDF88B007D2E0D /* ResumePlaybackManager.swift */; };
/* End PBXBuildFile section */

/* Begin PBXContainerItemProxy section */
		0457905C27B4C2B3007D2E0D /* PBXContainerItemProxy */ = {
			isa = PBXContainerItemProxy;
			containerPortal = 0457904327B4C2AF007D2E0D /* Project object */;
			proxyType = 1;
			remoteGlobalIDString = 0457904A27B4C2B0007D2E0D;
			remoteInfo = MultiFormatVideoPlayer;
		};
		0457906627B4C2B3007D2E0D /* PBXContainerItemProxy */ = {
			isa = PBXContainerItemProxy;
			containerPortal = 0457904327B4C2AF007D2E0D /* Project object */;
			proxyType = 1;
			remoteGlobalIDString = 0457904A27B4C2B0007D2E0D;
			remoteInfo = MultiFormatVideoPlayer;
		};
/* End PBXContainerItemProxy section */

/* Begin PBXFileReference section */
		0457904B27B4C2B0007D2E0D /* MultiFormatVideoPlayer.app */ = {isa = PBXFileReference; explicitFileType = wrapper.application; includeInIndex = 0; path = MultiFormatVideoPlayer.app; sourceTree = BUILT_PRODUCTS_DIR; };
		0457904E27B4C2B0007D2E0D /* MultiFormatVideoPlayerApp.swift */ = {isa = PBXFileReference; lastKnownFileType = sourcecode.swift; path = MultiFormatVideoPlayerApp.swift; sourceTree = "<group>"; };
		0457905227B4C2B3007D2E0D /* Assets.xcassets */ = {isa = PBXFileReference; lastKnownFileType = folder.assetcatalog; path = Assets.xcassets; sourceTree = "<group>"; };
		0457905527B4C2B3007D2E0D /* Preview Assets.xcassets */ = {isa = PBXFileReference; lastKnownFileType = folder.assetcatalog; path = "Preview Assets.xcassets"; sourceTree = "<group>"; };
		0457905B27B4C2B3007D2E0D /* MultiFormatVideoPlayerTests.xctest */ = {isa = PBXFileReference; explicitFileType = wrapper.cfbundle; includeInIndex = 0; path = MultiFormatVideoPlayerTests.xctest; sourceTree = BUILT_PRODUCTS_DIR; };
		0457905F27B4C2B3007D2E0D /* MultiFormatVideoPlayerTests.swift */ = {isa = PBXFileReference; lastKnownFileType = sourcecode.swift; path = MultiFormatVideoPlayerTests.swift; sourceTree = "<group>"; };
		0457906527B4C2B3007D2E0D /* MultiFormatVideoPlayerUITests.xctest */ = {isa = PBXFileReference; explicitFileType = wrapper.cfbundle; includeInIndex = 0; path = MultiFormatVideoPlayerUITests.xctest; sourceTree = BUILT_PRODUCTS_DIR; };
		0457906927B4C2B3007D2E0D /* MultiFormatVideoPlayerUITests.swift */ = {isa = PBXFileReference; lastKnownFileType = sourcecode.swift; path = MultiFormatVideoPlayerUITests.swift; sourceTree = "<group>"; };
		0457906B27B4C2B3007D2E0D /* MultiFormatVideoPlayerUITestsLaunchTests.swift */ = {isa = PBXFileReference; lastKnownFileType = sourcecode.swift; path = MultiFormatVideoPlayerUITestsLaunchTests.swift; sourceTree = "<group>"; };
		0457907827B4C388007D2E0D /* Info.plist */ = {isa = PBXFileReference; lastKnownFileType = text.plist; path = Info.plist; sourceTree = "<group>"; };
		0457907C27B4C564007D2E0D /* FileBrowserView.swift */ = {isa = PBXFileReference; lastKnownFileType = sourcecode.swift; path = FileBrowserView.swift; sourceTree = "<group>"; };
		0457907E27B4C578007D2E0D /* FileBrowserViewModel.swift */ = {isa = PBXFileReference; lastKnownFileType = sourcecode.swift; path = FileBrowserViewModel.swift; sourceTree = "<group>"; };
		0457908027B4CC77007D2E0D /* VideoFile.swift */ = {isa = PBXFileReference; lastKnownFileType = sourcecode.swift; path = VideoFile.swift; sourceTree = "<group>"; };
		0457908327B4D725007D2E0D /* VideoPlayerView.swift */ = {isa = PBXFileReference; lastKnownFileType = sourcecode.swift; path = VideoPlayerView.swift; sourceTree = "<group>"; };
		0457908527B4DCEB007D2E0D /* VideoPlayable.swift */ = {isa = PBXFileReference; lastKnownFileType = sourcecode.swift; path = VideoPlayable.swift; sourceTree = "<group>"; };
		0457908927B4DE68007D2E0D /* AvKitVideoPlayer.swift */ = {isa = PBXFileReference; lastKnownFileType = sourcecode.swift; path = AvKitVideoPlayer.swift; sourceTree = "<group>"; };
		0457908E27B4E16B007D2E0D /* VideoPlayerContainer.swift */ = {isa = PBXFileReference; lastKnownFileType = sourcecode.swift; path = VideoPlayerContainer.swift; sourceTree = "<group>"; };
		0457909027B4E1A8007D2E0D /* VideoPlayerContainerViewController.swift */ = {isa = PBXFileReference; lastKnownFileType = sourcecode.swift; path = VideoPlayerContainerViewController.swift; sourceTree = "<group>"; };
		0457909527B5554C007D2E0D /* PlayButton.swift */ = {isa = PBXFileReference; lastKnownFileType = sourcecode.swift; path = PlayButton.swift; sourceTree = "<group>"; };
		0457909727B5585A007D2E0D /* PauseButton.swift */ = {isa = PBXFileReference; lastKnownFileType = sourcecode.swift; path = PauseButton.swift; sourceTree = "<group>"; };
		0457909A27B58308007D2E0D /* TappableArea.swift */ = {isa = PBXFileReference; lastKnownFileType = sourcecode.swift; path = TappableArea.swift; sourceTree = "<group>"; };
		0457909C27B585CD007D2E0D /* FixedWidthSpacer.swift */ = {isa = PBXFileReference; lastKnownFileType = sourcecode.swift; path = FixedWidthSpacer.swift; sourceTree = "<group>"; };
		0457909E27B586D9007D2E0D /* ForwardButton.swift */ = {isa = PBXFileReference; lastKnownFileType = sourcecode.swift; path = ForwardButton.swift; sourceTree = "<group>"; };
		045790A027B58710007D2E0D /* BackwardButton.swift */ = {isa = PBXFileReference; lastKnownFileType = sourcecode.swift; path = BackwardButton.swift; sourceTree = "<group>"; };
		045790A227B5D5BF007D2E0D /* VideoPlayerViewModel.swift */ = {isa = PBXFileReference; lastKnownFileType = sourcecode.swift; path = VideoPlayerViewModel.swift; sourceTree = "<group>"; };
		045790A427B5FF28007D2E0D /* DummyVideoPlayer.swift */ = {isa = PBXFileReference; lastKnownFileType = sourcecode.swift; path = DummyVideoPlayer.swift; sourceTree = "<group>"; };
		045790A627B60884007D2E0D /* VideoPlayerCallbacks.swift */ = {isa = PBXFileReference; lastKnownFileType = sourcecode.swift; path = VideoPlayerCallbacks.swift; sourceTree = "<group>"; };
		045790AA27B60BE0007D2E0D /* CMTime+Extensions.swift */ = {isa = PBXFileReference; lastKnownFileType = sourcecode.swift; path = "CMTime+Extensions.swift"; sourceTree = "<group>"; };
		045790AE27B768E0007D2E0D /* Double+Extensions.swift */ = {isa = PBXFileReference; lastKnownFileType = sourcecode.swift; path = "Double+Extensions.swift"; sourceTree = "<group>"; };
		045790B027B771E3007D2E0D /* CustomSlider.swift */ = {isa = PBXFileReference; lastKnownFileType = sourcecode.swift; path = CustomSlider.swift; sourceTree = "<group>"; };
		045790B727BDF88B007D2E0D /* ResumePlaybackManager.swift */ = {isa = PBXFileReference; lastKnownFileType = sourcecode.swift; path = ResumePlaybackManager.swift; sourceTree = "<group>"; };
/* End PBXFileReference section */

/* Begin PBXFrameworksBuildPhase section */
		0457904827B4C2B0007D2E0D /* Frameworks */ = {
			isa = PBXFrameworksBuildPhase;
			buildActionMask = 2147483647;
			files = (
				0457908D27B4DF0C007D2E0D /* SnapKit in Frameworks */,
			);
			runOnlyForDeploymentPostprocessing = 0;
		};
		0457905827B4C2B3007D2E0D /* Frameworks */ = {
			isa = PBXFrameworksBuildPhase;
			buildActionMask = 2147483647;
			files = (
			);
			runOnlyForDeploymentPostprocessing = 0;
		};
		0457906227B4C2B3007D2E0D /* Frameworks */ = {
			isa = PBXFrameworksBuildPhase;
			buildActionMask = 2147483647;
			files = (
			);
			runOnlyForDeploymentPostprocessing = 0;
		};
/* End PBXFrameworksBuildPhase section */

/* Begin PBXGroup section */
		0457904227B4C2AF007D2E0D = {
			isa = PBXGroup;
			children = (
				0457904D27B4C2B0007D2E0D /* MultiFormatVideoPlayer */,
				0457905E27B4C2B3007D2E0D /* MultiFormatVideoPlayerTests */,
				0457906827B4C2B3007D2E0D /* MultiFormatVideoPlayerUITests */,
				0457904C27B4C2B0007D2E0D /* Products */,
			);
			sourceTree = "<group>";
		};
		0457904C27B4C2B0007D2E0D /* Products */ = {
			isa = PBXGroup;
			children = (
				0457904B27B4C2B0007D2E0D /* MultiFormatVideoPlayer.app */,
				0457905B27B4C2B3007D2E0D /* MultiFormatVideoPlayerTests.xctest */,
				0457906527B4C2B3007D2E0D /* MultiFormatVideoPlayerUITests.xctest */,
			);
			name = Products;
			sourceTree = "<group>";
		};
		0457904D27B4C2B0007D2E0D /* MultiFormatVideoPlayer */ = {
			isa = PBXGroup;
			children = (
				0457909927B582E7007D2E0D /* Common */,
				0457908227B4D675007D2E0D /* VideoPlayer */,
				0457907927B4C546007D2E0D /* FileBrowser */,
				0457907827B4C388007D2E0D /* Info.plist */,
				0457904E27B4C2B0007D2E0D /* MultiFormatVideoPlayerApp.swift */,
				0457905227B4C2B3007D2E0D /* Assets.xcassets */,
				0457905427B4C2B3007D2E0D /* Preview Content */,
			);
			path = MultiFormatVideoPlayer;
			sourceTree = "<group>";
		};
		0457905427B4C2B3007D2E0D /* Preview Content */ = {
			isa = PBXGroup;
			children = (
				0457905527B4C2B3007D2E0D /* Preview Assets.xcassets */,
			);
			path = "Preview Content";
			sourceTree = "<group>";
		};
		0457905E27B4C2B3007D2E0D /* MultiFormatVideoPlayerTests */ = {
			isa = PBXGroup;
			children = (
				0457905F27B4C2B3007D2E0D /* MultiFormatVideoPlayerTests.swift */,
			);
			path = MultiFormatVideoPlayerTests;
			sourceTree = "<group>";
		};
		0457906827B4C2B3007D2E0D /* MultiFormatVideoPlayerUITests */ = {
			isa = PBXGroup;
			children = (
				0457906927B4C2B3007D2E0D /* MultiFormatVideoPlayerUITests.swift */,
				0457906B27B4C2B3007D2E0D /* MultiFormatVideoPlayerUITestsLaunchTests.swift */,
			);
			path = MultiFormatVideoPlayerUITests;
			sourceTree = "<group>";
		};
		0457907927B4C546007D2E0D /* FileBrowser */ = {
			isa = PBXGroup;
			children = (
				0457907C27B4C564007D2E0D /* FileBrowserView.swift */,
				0457907E27B4C578007D2E0D /* FileBrowserViewModel.swift */,
			);
			path = FileBrowser;
			sourceTree = "<group>";
		};
		0457908227B4D675007D2E0D /* VideoPlayer */ = {
			isa = PBXGroup;
			children = (
				045790B627BDF82A007D2E0D /* VideoFile */,
				0457908727B4DDCE007D2E0D /* VideoPlayers */,
				0457909427B55532007D2E0D /* Buttons */,
				0457908327B4D725007D2E0D /* VideoPlayerView.swift */,
				0457908527B4DCEB007D2E0D /* VideoPlayable.swift */,
				0457908E27B4E16B007D2E0D /* VideoPlayerContainer.swift */,
				0457909027B4E1A8007D2E0D /* VideoPlayerContainerViewController.swift */,
				045790A227B5D5BF007D2E0D /* VideoPlayerViewModel.swift */,
				045790A627B60884007D2E0D /* VideoPlayerCallbacks.swift */,
			);
			path = VideoPlayer;
			sourceTree = "<group>";
		};
		0457908727B4DDCE007D2E0D /* VideoPlayers */ = {
			isa = PBXGroup;
			children = (
				0457908827B4DDD7007D2E0D /* AvKit */,
				045790A427B5FF28007D2E0D /* DummyVideoPlayer.swift */,
			);
			path = VideoPlayers;
			sourceTree = "<group>";
		};
		0457908827B4DDD7007D2E0D /* AvKit */ = {
			isa = PBXGroup;
			children = (
				0457908927B4DE68007D2E0D /* AvKitVideoPlayer.swift */,
			);
			path = AvKit;
			sourceTree = "<group>";
		};
		0457909427B55532007D2E0D /* Buttons */ = {
			isa = PBXGroup;
			children = (
				0457909527B5554C007D2E0D /* PlayButton.swift */,
				0457909727B5585A007D2E0D /* PauseButton.swift */,
				0457909E27B586D9007D2E0D /* ForwardButton.swift */,
				045790A027B58710007D2E0D /* BackwardButton.swift */,
			);
			path = Buttons;
			sourceTree = "<group>";
		};
		0457909927B582E7007D2E0D /* Common */ = {
			isa = PBXGroup;
			children = (
				045790A927B60BC8007D2E0D /* Views */,
				045790A827B60BBF007D2E0D /* Extensions */,
			);
			path = Common;
			sourceTree = "<group>";
		};
		045790A827B60BBF007D2E0D /* Extensions */ = {
			isa = PBXGroup;
			children = (
				045790AA27B60BE0007D2E0D /* CMTime+Extensions.swift */,
				045790AE27B768E0007D2E0D /* Double+Extensions.swift */,
			);
			path = Extensions;
			sourceTree = "<group>";
		};
		045790A927B60BC8007D2E0D /* Views */ = {
			isa = PBXGroup;
			children = (
				0457909A27B58308007D2E0D /* TappableArea.swift */,
				0457909C27B585CD007D2E0D /* FixedWidthSpacer.swift */,
				045790B027B771E3007D2E0D /* CustomSlider.swift */,
			);
			path = Views;
			sourceTree = "<group>";
		};
		045790B627BDF82A007D2E0D /* VideoFile */ = {
			isa = PBXGroup;
			children = (
				0457908027B4CC77007D2E0D /* VideoFile.swift */,
				045790B727BDF88B007D2E0D /* ResumePlaybackManager.swift */,
			);
			path = VideoFile;
			sourceTree = "<group>";
		};
/* End PBXGroup section */

/* Begin PBXNativeTarget section */
		0457904A27B4C2B0007D2E0D /* MultiFormatVideoPlayer */ = {
			isa = PBXNativeTarget;
			buildConfigurationList = 0457906F27B4C2B3007D2E0D /* Build configuration list for PBXNativeTarget "MultiFormatVideoPlayer" */;
			buildPhases = (
				0457904727B4C2B0007D2E0D /* Sources */,
				0457904827B4C2B0007D2E0D /* Frameworks */,
				0457904927B4C2B0007D2E0D /* Resources */,
			);
			buildRules = (
			);
			dependencies = (
			);
			name = MultiFormatVideoPlayer;
			packageProductDependencies = (
				0457908C27B4DF0C007D2E0D /* SnapKit */,
			);
			productName = MultiFormatVideoPlayer;
			productReference = 0457904B27B4C2B0007D2E0D /* MultiFormatVideoPlayer.app */;
			productType = "com.apple.product-type.application";
		};
		0457905A27B4C2B3007D2E0D /* MultiFormatVideoPlayerTests */ = {
			isa = PBXNativeTarget;
			buildConfigurationList = 0457907227B4C2B3007D2E0D /* Build configuration list for PBXNativeTarget "MultiFormatVideoPlayerTests" */;
			buildPhases = (
				0457905727B4C2B3007D2E0D /* Sources */,
				0457905827B4C2B3007D2E0D /* Frameworks */,
				0457905927B4C2B3007D2E0D /* Resources */,
			);
			buildRules = (
			);
			dependencies = (
				0457905D27B4C2B3007D2E0D /* PBXTargetDependency */,
			);
			name = MultiFormatVideoPlayerTests;
			productName = MultiFormatVideoPlayerTests;
			productReference = 0457905B27B4C2B3007D2E0D /* MultiFormatVideoPlayerTests.xctest */;
			productType = "com.apple.product-type.bundle.unit-test";
		};
		0457906427B4C2B3007D2E0D /* MultiFormatVideoPlayerUITests */ = {
			isa = PBXNativeTarget;
			buildConfigurationList = 0457907527B4C2B3007D2E0D /* Build configuration list for PBXNativeTarget "MultiFormatVideoPlayerUITests" */;
			buildPhases = (
				0457906127B4C2B3007D2E0D /* Sources */,
				0457906227B4C2B3007D2E0D /* Frameworks */,
				0457906327B4C2B3007D2E0D /* Resources */,
			);
			buildRules = (
			);
			dependencies = (
				0457906727B4C2B3007D2E0D /* PBXTargetDependency */,
			);
			name = MultiFormatVideoPlayerUITests;
			productName = MultiFormatVideoPlayerUITests;
			productReference = 0457906527B4C2B3007D2E0D /* MultiFormatVideoPlayerUITests.xctest */;
			productType = "com.apple.product-type.bundle.ui-testing";
		};
/* End PBXNativeTarget section */

/* Begin PBXProject section */
		0457904327B4C2AF007D2E0D /* Project object */ = {
			isa = PBXProject;
			attributes = {
				BuildIndependentTargetsInParallel = 1;
				LastSwiftUpdateCheck = 1300;
				LastUpgradeCheck = 1300;
				TargetAttributes = {
					0457904A27B4C2B0007D2E0D = {
						CreatedOnToolsVersion = 13.0;
					};
					0457905A27B4C2B3007D2E0D = {
						CreatedOnToolsVersion = 13.0;
						TestTargetID = 0457904A27B4C2B0007D2E0D;
					};
					0457906427B4C2B3007D2E0D = {
						CreatedOnToolsVersion = 13.0;
						TestTargetID = 0457904A27B4C2B0007D2E0D;
					};
				};
			};
			buildConfigurationList = 0457904627B4C2B0007D2E0D /* Build configuration list for PBXProject "MultiFormatVideoPlayer" */;
			compatibilityVersion = "Xcode 13.0";
			developmentRegion = en;
			hasScannedForEncodings = 0;
			knownRegions = (
				en,
				Base,
			);
			mainGroup = 0457904227B4C2AF007D2E0D;
			packageReferences = (
				0457908B27B4DF0C007D2E0D /* XCRemoteSwiftPackageReference "SnapKit" */,
			);
			productRefGroup = 0457904C27B4C2B0007D2E0D /* Products */;
			projectDirPath = "";
			projectRoot = "";
			targets = (
				0457904A27B4C2B0007D2E0D /* MultiFormatVideoPlayer */,
				0457905A27B4C2B3007D2E0D /* MultiFormatVideoPlayerTests */,
				0457906427B4C2B3007D2E0D /* MultiFormatVideoPlayerUITests */,
			);
		};
/* End PBXProject section */

/* Begin PBXResourcesBuildPhase section */
		0457904927B4C2B0007D2E0D /* Resources */ = {
			isa = PBXResourcesBuildPhase;
			buildActionMask = 2147483647;
			files = (
				0457905627B4C2B3007D2E0D /* Preview Assets.xcassets in Resources */,
				0457905327B4C2B3007D2E0D /* Assets.xcassets in Resources */,
			);
			runOnlyForDeploymentPostprocessing = 0;
		};
		0457905927B4C2B3007D2E0D /* Resources */ = {
			isa = PBXResourcesBuildPhase;
			buildActionMask = 2147483647;
			files = (
			);
			runOnlyForDeploymentPostprocessing = 0;
		};
		0457906327B4C2B3007D2E0D /* Resources */ = {
			isa = PBXResourcesBuildPhase;
			buildActionMask = 2147483647;
			files = (
			);
			runOnlyForDeploymentPostprocessing = 0;
		};
/* End PBXResourcesBuildPhase section */

/* Begin PBXSourcesBuildPhase section */
		0457904727B4C2B0007D2E0D /* Sources */ = {
			isa = PBXSourcesBuildPhase;
			buildActionMask = 2147483647;
			files = (
				0457909827B5585A007D2E0D /* PauseButton.swift in Sources */,
				045790B127B771E3007D2E0D /* CustomSlider.swift in Sources */,
				0457908127B4CC77007D2E0D /* VideoFile.swift in Sources */,
				045790AB27B60BE0007D2E0D /* CMTime+Extensions.swift in Sources */,
				0457909627B5554C007D2E0D /* PlayButton.swift in Sources */,
				0457909127B4E1A8007D2E0D /* VideoPlayerContainerViewController.swift in Sources */,
				0457907D27B4C564007D2E0D /* FileBrowserView.swift in Sources */,
				0457909D27B585CD007D2E0D /* FixedWidthSpacer.swift in Sources */,
				045790A327B5D5BF007D2E0D /* VideoPlayerViewModel.swift in Sources */,
				045790B827BDF88B007D2E0D /* ResumePlaybackManager.swift in Sources */,
				045790A527B5FF28007D2E0D /* DummyVideoPlayer.swift in Sources */,
				045790AF27B768E1007D2E0D /* Double+Extensions.swift in Sources */,
				0457907F27B4C578007D2E0D /* FileBrowserViewModel.swift in Sources */,
				0457908A27B4DE68007D2E0D /* AvKitVideoPlayer.swift in Sources */,
				0457904F27B4C2B0007D2E0D /* MultiFormatVideoPlayerApp.swift in Sources */,
				045790A727B60884007D2E0D /* VideoPlayerCallbacks.swift in Sources */,
				0457908627B4DCEB007D2E0D /* VideoPlayable.swift in Sources */,
				0457908F27B4E16B007D2E0D /* VideoPlayerContainer.swift in Sources */,
				0457908427B4D725007D2E0D /* VideoPlayerView.swift in Sources */,
				0457909B27B58308007D2E0D /* TappableArea.swift in Sources */,
				045790A127B58710007D2E0D /* BackwardButton.swift in Sources */,
				0457909F27B586D9007D2E0D /* ForwardButton.swift in Sources */,
			);
			runOnlyForDeploymentPostprocessing = 0;
		};
		0457905727B4C2B3007D2E0D /* Sources */ = {
			isa = PBXSourcesBuildPhase;
			buildActionMask = 2147483647;
			files = (
				0457906027B4C2B3007D2E0D /* MultiFormatVideoPlayerTests.swift in Sources */,
			);
			runOnlyForDeploymentPostprocessing = 0;
		};
		0457906127B4C2B3007D2E0D /* Sources */ = {
			isa = PBXSourcesBuildPhase;
			buildActionMask = 2147483647;
			files = (
				0457906C27B4C2B3007D2E0D /* MultiFormatVideoPlayerUITestsLaunchTests.swift in Sources */,
				0457906A27B4C2B3007D2E0D /* MultiFormatVideoPlayerUITests.swift in Sources */,
			);
			runOnlyForDeploymentPostprocessing = 0;
		};
/* End PBXSourcesBuildPhase section */

/* Begin PBXTargetDependency section */
		0457905D27B4C2B3007D2E0D /* PBXTargetDependency */ = {
			isa = PBXTargetDependency;
			target = 0457904A27B4C2B0007D2E0D /* MultiFormatVideoPlayer */;
			targetProxy = 0457905C27B4C2B3007D2E0D /* PBXContainerItemProxy */;
		};
		0457906727B4C2B3007D2E0D /* PBXTargetDependency */ = {
			isa = PBXTargetDependency;
			target = 0457904A27B4C2B0007D2E0D /* MultiFormatVideoPlayer */;
			targetProxy = 0457906627B4C2B3007D2E0D /* PBXContainerItemProxy */;
		};
/* End PBXTargetDependency section */

/* Begin XCBuildConfiguration section */
		0457906D27B4C2B3007D2E0D /* Debug */ = {
			isa = XCBuildConfiguration;
			buildSettings = {
				ALWAYS_SEARCH_USER_PATHS = NO;
				CLANG_ANALYZER_NONNULL = YES;
				CLANG_ANALYZER_NUMBER_OBJECT_CONVERSION = YES_AGGRESSIVE;
				CLANG_CXX_LANGUAGE_STANDARD = "gnu++17";
				CLANG_CXX_LIBRARY = "libc++";
				CLANG_ENABLE_MODULES = YES;
				CLANG_ENABLE_OBJC_ARC = YES;
				CLANG_ENABLE_OBJC_WEAK = YES;
				CLANG_WARN_BLOCK_CAPTURE_AUTORELEASING = YES;
				CLANG_WARN_BOOL_CONVERSION = YES;
				CLANG_WARN_COMMA = YES;
				CLANG_WARN_CONSTANT_CONVERSION = YES;
				CLANG_WARN_DEPRECATED_OBJC_IMPLEMENTATIONS = YES;
				CLANG_WARN_DIRECT_OBJC_ISA_USAGE = YES_ERROR;
				CLANG_WARN_DOCUMENTATION_COMMENTS = YES;
				CLANG_WARN_EMPTY_BODY = YES;
				CLANG_WARN_ENUM_CONVERSION = YES;
				CLANG_WARN_INFINITE_RECURSION = YES;
				CLANG_WARN_INT_CONVERSION = YES;
				CLANG_WARN_NON_LITERAL_NULL_CONVERSION = YES;
				CLANG_WARN_OBJC_IMPLICIT_RETAIN_SELF = YES;
				CLANG_WARN_OBJC_LITERAL_CONVERSION = YES;
				CLANG_WARN_OBJC_ROOT_CLASS = YES_ERROR;
				CLANG_WARN_QUOTED_INCLUDE_IN_FRAMEWORK_HEADER = YES;
				CLANG_WARN_RANGE_LOOP_ANALYSIS = YES;
				CLANG_WARN_STRICT_PROTOTYPES = YES;
				CLANG_WARN_SUSPICIOUS_MOVE = YES;
				CLANG_WARN_UNGUARDED_AVAILABILITY = YES_AGGRESSIVE;
				CLANG_WARN_UNREACHABLE_CODE = YES;
				CLANG_WARN__DUPLICATE_METHOD_MATCH = YES;
				COPY_PHASE_STRIP = NO;
				DEBUG_INFORMATION_FORMAT = dwarf;
				ENABLE_STRICT_OBJC_MSGSEND = YES;
				ENABLE_TESTABILITY = YES;
				GCC_C_LANGUAGE_STANDARD = gnu11;
				GCC_DYNAMIC_NO_PIC = NO;
				GCC_NO_COMMON_BLOCKS = YES;
				GCC_OPTIMIZATION_LEVEL = 0;
				GCC_PREPROCESSOR_DEFINITIONS = (
					"DEBUG=1",
					"$(inherited)",
				);
				GCC_WARN_64_TO_32_BIT_CONVERSION = YES;
				GCC_WARN_ABOUT_RETURN_TYPE = YES_ERROR;
				GCC_WARN_UNDECLARED_SELECTOR = YES;
				GCC_WARN_UNINITIALIZED_AUTOS = YES_AGGRESSIVE;
				GCC_WARN_UNUSED_FUNCTION = YES;
				GCC_WARN_UNUSED_VARIABLE = YES;
				IPHONEOS_DEPLOYMENT_TARGET = 15.0;
				MTL_ENABLE_DEBUG_INFO = INCLUDE_SOURCE;
				MTL_FAST_MATH = YES;
				ONLY_ACTIVE_ARCH = YES;
				SDKROOT = iphoneos;
				SWIFT_ACTIVE_COMPILATION_CONDITIONS = DEBUG;
				SWIFT_OPTIMIZATION_LEVEL = "-Onone";
			};
			name = Debug;
		};
		0457906E27B4C2B3007D2E0D /* Release */ = {
			isa = XCBuildConfiguration;
			buildSettings = {
				ALWAYS_SEARCH_USER_PATHS = NO;
				CLANG_ANALYZER_NONNULL = YES;
				CLANG_ANALYZER_NUMBER_OBJECT_CONVERSION = YES_AGGRESSIVE;
				CLANG_CXX_LANGUAGE_STANDARD = "gnu++17";
				CLANG_CXX_LIBRARY = "libc++";
				CLANG_ENABLE_MODULES = YES;
				CLANG_ENABLE_OBJC_ARC = YES;
				CLANG_ENABLE_OBJC_WEAK = YES;
				CLANG_WARN_BLOCK_CAPTURE_AUTORELEASING = YES;
				CLANG_WARN_BOOL_CONVERSION = YES;
				CLANG_WARN_COMMA = YES;
				CLANG_WARN_CONSTANT_CONVERSION = YES;
				CLANG_WARN_DEPRECATED_OBJC_IMPLEMENTATIONS = YES;
				CLANG_WARN_DIRECT_OBJC_ISA_USAGE = YES_ERROR;
				CLANG_WARN_DOCUMENTATION_COMMENTS = YES;
				CLANG_WARN_EMPTY_BODY = YES;
				CLANG_WARN_ENUM_CONVERSION = YES;
				CLANG_WARN_INFINITE_RECURSION = YES;
				CLANG_WARN_INT_CONVERSION = YES;
				CLANG_WARN_NON_LITERAL_NULL_CONVERSION = YES;
				CLANG_WARN_OBJC_IMPLICIT_RETAIN_SELF = YES;
				CLANG_WARN_OBJC_LITERAL_CONVERSION = YES;
				CLANG_WARN_OBJC_ROOT_CLASS = YES_ERROR;
				CLANG_WARN_QUOTED_INCLUDE_IN_FRAMEWORK_HEADER = YES;
				CLANG_WARN_RANGE_LOOP_ANALYSIS = YES;
				CLANG_WARN_STRICT_PROTOTYPES = YES;
				CLANG_WARN_SUSPICIOUS_MOVE = YES;
				CLANG_WARN_UNGUARDED_AVAILABILITY = YES_AGGRESSIVE;
				CLANG_WARN_UNREACHABLE_CODE = YES;
				CLANG_WARN__DUPLICATE_METHOD_MATCH = YES;
				COPY_PHASE_STRIP = NO;
				DEBUG_INFORMATION_FORMAT = "dwarf-with-dsym";
				ENABLE_NS_ASSERTIONS = NO;
				ENABLE_STRICT_OBJC_MSGSEND = YES;
				GCC_C_LANGUAGE_STANDARD = gnu11;
				GCC_NO_COMMON_BLOCKS = YES;
				GCC_WARN_64_TO_32_BIT_CONVERSION = YES;
				GCC_WARN_ABOUT_RETURN_TYPE = YES_ERROR;
				GCC_WARN_UNDECLARED_SELECTOR = YES;
				GCC_WARN_UNINITIALIZED_AUTOS = YES_AGGRESSIVE;
				GCC_WARN_UNUSED_FUNCTION = YES;
				GCC_WARN_UNUSED_VARIABLE = YES;
				IPHONEOS_DEPLOYMENT_TARGET = 15.0;
				MTL_ENABLE_DEBUG_INFO = NO;
				MTL_FAST_MATH = YES;
				SDKROOT = iphoneos;
				SWIFT_COMPILATION_MODE = wholemodule;
				SWIFT_OPTIMIZATION_LEVEL = "-O";
				VALIDATE_PRODUCT = YES;
			};
			name = Release;
		};
		0457907027B4C2B3007D2E0D /* Debug */ = {
			isa = XCBuildConfiguration;
			buildSettings = {
				ASSETCATALOG_COMPILER_APPICON_NAME = AppIcon;
				ASSETCATALOG_COMPILER_GLOBAL_ACCENT_COLOR_NAME = AccentColor;
				CODE_SIGN_STYLE = Automatic;
				CURRENT_PROJECT_VERSION = 1;
				DEVELOPMENT_ASSET_PATHS = "\"MultiFormatVideoPlayer/Preview Content\"";
				DEVELOPMENT_TEAM = NDBTK98VL3;
				ENABLE_PREVIEWS = YES;
				GENERATE_INFOPLIST_FILE = YES;
				INFOPLIST_FILE = MultiFormatVideoPlayer/Info.plist;
				INFOPLIST_KEY_CFBundleDisplayName = Videos;
				INFOPLIST_KEY_UIApplicationSceneManifest_Generation = YES;
				INFOPLIST_KEY_UIApplicationSupportsIndirectInputEvents = YES;
				INFOPLIST_KEY_UILaunchScreen_Generation = YES;
				INFOPLIST_KEY_UISupportedInterfaceOrientations_iPad = "UIInterfaceOrientationPortrait UIInterfaceOrientationPortraitUpsideDown UIInterfaceOrientationLandscapeLeft UIInterfaceOrientationLandscapeRight";
				INFOPLIST_KEY_UISupportedInterfaceOrientations_iPhone = "UIInterfaceOrientationPortrait UIInterfaceOrientationLandscapeLeft UIInterfaceOrientationLandscapeRight";
				IPHONEOS_DEPLOYMENT_TARGET = 15.0;
				LD_RUNPATH_SEARCH_PATHS = (
					"$(inherited)",
					"@executable_path/Frameworks",
				);
				MARKETING_VERSION = 1.0;
				PRODUCT_BUNDLE_IDENTIFIER = com.jingweili.MultiFormatVideoPlayer;
				PRODUCT_NAME = "$(TARGET_NAME)";
				SWIFT_EMIT_LOC_STRINGS = YES;
				SWIFT_VERSION = 5.0;
				TARGETED_DEVICE_FAMILY = "1,2";
			};
			name = Debug;
		};
		0457907127B4C2B3007D2E0D /* Release */ = {
			isa = XCBuildConfiguration;
			buildSettings = {
				ASSETCATALOG_COMPILER_APPICON_NAME = AppIcon;
				ASSETCATALOG_COMPILER_GLOBAL_ACCENT_COLOR_NAME = AccentColor;
				CODE_SIGN_STYLE = Automatic;
				CURRENT_PROJECT_VERSION = 1;
				DEVELOPMENT_ASSET_PATHS = "\"MultiFormatVideoPlayer/Preview Content\"";
				DEVELOPMENT_TEAM = NDBTK98VL3;
				ENABLE_PREVIEWS = YES;
				GENERATE_INFOPLIST_FILE = YES;
				INFOPLIST_FILE = MultiFormatVideoPlayer/Info.plist;
				INFOPLIST_KEY_CFBundleDisplayName = Videos;
				INFOPLIST_KEY_UIApplicationSceneManifest_Generation = YES;
				INFOPLIST_KEY_UIApplicationSupportsIndirectInputEvents = YES;
				INFOPLIST_KEY_UILaunchScreen_Generation = YES;
				INFOPLIST_KEY_UISupportedInterfaceOrientations_iPad = "UIInterfaceOrientationPortrait UIInterfaceOrientationPortraitUpsideDown UIInterfaceOrientationLandscapeLeft UIInterfaceOrientationLandscapeRight";
				INFOPLIST_KEY_UISupportedInterfaceOrientations_iPhone = "UIInterfaceOrientationPortrait UIInterfaceOrientationLandscapeLeft UIInterfaceOrientationLandscapeRight";
				IPHONEOS_DEPLOYMENT_TARGET = 15.0;
				LD_RUNPATH_SEARCH_PATHS = (
					"$(inherited)",
					"@executable_path/Frameworks",
				);
				MARKETING_VERSION = 1.0;
				PRODUCT_BUNDLE_IDENTIFIER = com.jingweili.MultiFormatVideoPlayer;
				PRODUCT_NAME = "$(TARGET_NAME)";
				SWIFT_EMIT_LOC_STRINGS = YES;
				SWIFT_VERSION = 5.0;
				TARGETED_DEVICE_FAMILY = "1,2";
			};
			name = Release;
		};
		0457907327B4C2B3007D2E0D /* Debug */ = {
			isa = XCBuildConfiguration;
			buildSettings = {
				ALWAYS_EMBED_SWIFT_STANDARD_LIBRARIES = YES;
				BUNDLE_LOADER = "$(TEST_HOST)";
				CODE_SIGN_STYLE = Automatic;
				CURRENT_PROJECT_VERSION = 1;
				DEVELOPMENT_TEAM = NDBTK98VL3;
				GENERATE_INFOPLIST_FILE = YES;
				IPHONEOS_DEPLOYMENT_TARGET = 14.0;
				LD_RUNPATH_SEARCH_PATHS = (
					"$(inherited)",
					"@executable_path/Frameworks",
					"@loader_path/Frameworks",
				);
				MARKETING_VERSION = 1.0;
				PRODUCT_BUNDLE_IDENTIFIER = com.jingweili.MultiFormatVideoPlayerTests;
				PRODUCT_NAME = "$(TARGET_NAME)";
				SWIFT_EMIT_LOC_STRINGS = NO;
				SWIFT_VERSION = 5.0;
				TARGETED_DEVICE_FAMILY = "1,2";
				TEST_HOST = "$(BUILT_PRODUCTS_DIR)/MultiFormatVideoPlayer.app/MultiFormatVideoPlayer";
			};
			name = Debug;
		};
		0457907427B4C2B3007D2E0D /* Release */ = {
			isa = XCBuildConfiguration;
			buildSettings = {
				ALWAYS_EMBED_SWIFT_STANDARD_LIBRARIES = YES;
				BUNDLE_LOADER = "$(TEST_HOST)";
				CODE_SIGN_STYLE = Automatic;
				CURRENT_PROJECT_VERSION = 1;
				DEVELOPMENT_TEAM = NDBTK98VL3;
				GENERATE_INFOPLIST_FILE = YES;
				IPHONEOS_DEPLOYMENT_TARGET = 14.0;
				LD_RUNPATH_SEARCH_PATHS = (
					"$(inherited)",
					"@executable_path/Frameworks",
					"@loader_path/Frameworks",
				);
				MARKETING_VERSION = 1.0;
				PRODUCT_BUNDLE_IDENTIFIER = com.jingweili.MultiFormatVideoPlayerTests;
				PRODUCT_NAME = "$(TARGET_NAME)";
				SWIFT_EMIT_LOC_STRINGS = NO;
				SWIFT_VERSION = 5.0;
				TARGETED_DEVICE_FAMILY = "1,2";
				TEST_HOST = "$(BUILT_PRODUCTS_DIR)/MultiFormatVideoPlayer.app/MultiFormatVideoPlayer";
			};
			name = Release;
		};
		0457907627B4C2B3007D2E0D /* Debug */ = {
			isa = XCBuildConfiguration;
			buildSettings = {
				ALWAYS_EMBED_SWIFT_STANDARD_LIBRARIES = YES;
				CODE_SIGN_STYLE = Automatic;
				CURRENT_PROJECT_VERSION = 1;
				DEVELOPMENT_TEAM = NDBTK98VL3;
				GENERATE_INFOPLIST_FILE = YES;
				LD_RUNPATH_SEARCH_PATHS = (
					"$(inherited)",
					"@executable_path/Frameworks",
					"@loader_path/Frameworks",
				);
				MARKETING_VERSION = 1.0;
				PRODUCT_BUNDLE_IDENTIFIER = com.jingweili.MultiFormatVideoPlayerUITests;
				PRODUCT_NAME = "$(TARGET_NAME)";
				SWIFT_EMIT_LOC_STRINGS = NO;
				SWIFT_VERSION = 5.0;
				TARGETED_DEVICE_FAMILY = "1,2";
				TEST_TARGET_NAME = MultiFormatVideoPlayer;
			};
			name = Debug;
		};
		0457907727B4C2B3007D2E0D /* Release */ = {
			isa = XCBuildConfiguration;
			buildSettings = {
				ALWAYS_EMBED_SWIFT_STANDARD_LIBRARIES = YES;
				CODE_SIGN_STYLE = Automatic;
				CURRENT_PROJECT_VERSION = 1;
				DEVELOPMENT_TEAM = NDBTK98VL3;
				GENERATE_INFOPLIST_FILE = YES;
				LD_RUNPATH_SEARCH_PATHS = (
					"$(inherited)",
					"@executable_path/Frameworks",
					"@loader_path/Frameworks",
				);
				MARKETING_VERSION = 1.0;
				PRODUCT_BUNDLE_IDENTIFIER = com.jingweili.MultiFormatVideoPlayerUITests;
				PRODUCT_NAME = "$(TARGET_NAME)";
				SWIFT_EMIT_LOC_STRINGS = NO;
				SWIFT_VERSION = 5.0;
				TARGETED_DEVICE_FAMILY = "1,2";
				TEST_TARGET_NAME = MultiFormatVideoPlayer;
			};
			name = Release;
		};
/* End XCBuildConfiguration section */

/* Begin XCConfigurationList section */
		0457904627B4C2B0007D2E0D /* Build configuration list for PBXProject "MultiFormatVideoPlayer" */ = {
			isa = XCConfigurationList;
			buildConfigurations = (
				0457906D27B4C2B3007D2E0D /* Debug */,
				0457906E27B4C2B3007D2E0D /* Release */,
			);
			defaultConfigurationIsVisible = 0;
			defaultConfigurationName = Release;
		};
		0457906F27B4C2B3007D2E0D /* Build configuration list for PBXNativeTarget "MultiFormatVideoPlayer" */ = {
			isa = XCConfigurationList;
			buildConfigurations = (
				0457907027B4C2B3007D2E0D /* Debug */,
				0457907127B4C2B3007D2E0D /* Release */,
			);
			defaultConfigurationIsVisible = 0;
			defaultConfigurationName = Release;
		};
		0457907227B4C2B3007D2E0D /* Build configuration list for PBXNativeTarget "MultiFormatVideoPlayerTests" */ = {
			isa = XCConfigurationList;
			buildConfigurations = (
				0457907327B4C2B3007D2E0D /* Debug */,
				0457907427B4C2B3007D2E0D /* Release */,
			);
			defaultConfigurationIsVisible = 0;
			defaultConfigurationName = Release;
		};
		0457907527B4C2B3007D2E0D /* Build configuration list for PBXNativeTarget "MultiFormatVideoPlayerUITests" */ = {
			isa = XCConfigurationList;
			buildConfigurations = (
				0457907627B4C2B3007D2E0D /* Debug */,
				0457907727B4C2B3007D2E0D /* Release */,
			);
			defaultConfigurationIsVisible = 0;
			defaultConfigurationName = Release;
		};
/* End XCConfigurationList section */

/* Begin XCRemoteSwiftPackageReference section */
		0457908B27B4DF0C007D2E0D /* XCRemoteSwiftPackageReference "SnapKit" */ = {
			isa = XCRemoteSwiftPackageReference;
			repositoryURL = "https://github.com/SnapKit/SnapKit.git";
			requirement = {
				kind = upToNextMajorVersion;
				minimumVersion = 5.0.0;
			};
		};
/* End XCRemoteSwiftPackageReference section */

/* Begin XCSwiftPackageProductDependency section */
		0457908C27B4DF0C007D2E0D /* SnapKit */ = {
			isa = XCSwiftPackageProductDependency;
			package = 0457908B27B4DF0C007D2E0D /* XCRemoteSwiftPackageReference "SnapKit" */;
			productName = SnapKit;
		};
/* End XCSwiftPackageProductDependency section */
	};
	rootObject = 0457904327B4C2AF007D2E0D /* Project object */;
}
